
Microsoft Visual Studio Solution File, Format Version 12.00
# Visual Studio 2013
VisualStudioVersion = 12.0.21005.1
MinimumVisualStudioVersion = 10.0.40219.1
Project("{FAE04EC0-301F-11D3-BF4B-00C04F79EFBC}") = "ShaderCore", "ShaderCore\ShaderCore.csproj", "{EB798A14-23AC-418B-9064-61D1B91CB30A}"
EndProject
Project("{FAE04EC0-301F-11D3-BF4B-00C04F79EFBC}") = "ShaderCore.Demo", "ShaderCore.Demo\ShaderCore.Demo.csproj", "{D2FC228C-3027-4ABD-8E22-5038CCAA9BDF}"
EndProject
Global
	GlobalSection(SolutionConfigurationPlatforms) = preSolution
		Debug|Any CPU = Debug|Any CPU
		Release|Any CPU = Release|Any CPU
	EndGlobalSection
	GlobalSection(ProjectConfigurationPlatforms) = postSolution
		{EB798A14-23AC-418B-9064-61D1B91CB30A}.Debug|Any CPU.ActiveCfg = Debug|Any CPU
		{EB798A14-23AC-418B-9064-61D1B91CB30A}.Debug|Any CPU.Build.0 = Debug|Any CPU
		{EB798A14-23AC-418B-9064-61D1B91CB30A}.Release|Any CPU.ActiveCfg = Release|Any CPU
		{EB798A14-23AC-418B-9064-61D1B91CB30A}.Release|Any CPU.Build.0 = Release|Any CPU
		{D2FC228C-3027-4ABD-8E22-5038CCAA9BDF}.Debug|Any CPU.ActiveCfg = Debug|Any CPU
		{D2FC228C-3027-4ABD-8E22-5038CCAA9BDF}.Debug|Any CPU.Build.0 = Debug|Any CPU
		{D2FC228C-3027-4ABD-8E22-5038CCAA9BDF}.Release|Any CPU.ActiveCfg = Release|Any CPU
		{D2FC228C-3027-4ABD-8E22-5038CCAA9BDF}.Release|Any CPU.Build.0 = Release|Any CPU
	EndGlobalSection
	GlobalSection(SolutionProperties) = preSolution
		HideSolutionNode = FALSE
	EndGlobalSection
EndGlobal
